
Microsoft Visual Studio Solution File, Format Version 12.00
# Visual Studio Version 17
VisualStudioVersion = 17.0.31903.59
MinimumVisualStudioVersion = 10.0.40219.1
Project("{2150E333-8FDC-42A3-9474-1A3956D46DE8}") = "src", "src", "{2FF1C988-573E-49E2-85B0-E16CAF9CDF5E}"
EndProject
Project("{FAE04EC0-301F-11D3-BF4B-00C04F79EFBC}") = "CreationEngine.RecordChain", "src\CreationEngine.RecordChain\CreationEngine.RecordChain.csproj", "{780A34FE-D558-4DB4-A34E-7E4F0C43DACF}"
EndProject
Project("{2150E333-8FDC-42A3-9474-1A3956D46DE8}") = "tests", "tests", "{449FFC68-2D4F-41AE-A2BA-E219655590B6}"
EndProject
Project("{FAE04EC0-301F-11D3-BF4B-00C04F79EFBC}") = "CreationEngine.RecordChain.Tests", "tests\CreationEngine.RecordChain.Tests\CreationEngine.RecordChain.Tests.csproj", "{82462188-5001-4175-B462-AA0CDF908DC6}"
EndProject
Global
	GlobalSection(SolutionConfigurationPlatforms) = preSolution
		Debug|Any CPU = Debug|Any CPU
		Release|Any CPU = Release|Any CPU
	EndGlobalSection
	GlobalSection(SolutionProperties) = preSolution
		HideSolutionNode = FALSE
	EndGlobalSection
	GlobalSection(ProjectConfigurationPlatforms) = postSolution
		{780A34FE-D558-4DB4-A34E-7E4F0C43DACF}.Debug|Any CPU.ActiveCfg = Debug|Any CPU
		{780A34FE-D558-4DB4-A34E-7E4F0C43DACF}.Debug|Any CPU.Build.0 = Debug|Any CPU
		{780A34FE-D558-4DB4-A34E-7E4F0C43DACF}.Release|Any CPU.ActiveCfg = Release|Any CPU
		{780A34FE-D558-4DB4-A34E-7E4F0C43DACF}.Release|Any CPU.Build.0 = Release|Any CPU
		{82462188-5001-4175-B462-AA0CDF908DC6}.Debug|Any CPU.ActiveCfg = Debug|Any CPU
		{82462188-5001-4175-B462-AA0CDF908DC6}.Debug|Any CPU.Build.0 = Debug|Any CPU
		{82462188-5001-4175-B462-AA0CDF908DC6}.Release|Any CPU.ActiveCfg = Release|Any CPU
		{82462188-5001-4175-B462-AA0CDF908DC6}.Release|Any CPU.Build.0 = Release|Any CPU
	EndGlobalSection
	GlobalSection(NestedProjects) = preSolution
		{780A34FE-D558-4DB4-A34E-7E4F0C43DACF} = {2FF1C988-573E-49E2-85B0-E16CAF9CDF5E}
		{82462188-5001-4175-B462-AA0CDF908DC6} = {449FFC68-2D4F-41AE-A2BA-E219655590B6}
	EndGlobalSection
EndGlobal
